
Microsoft Visual Studio Solution File, Format Version 12.00
# Visual Studio Version 17
VisualStudioVersion = 17.6.33815.320
MinimumVisualStudioVersion = 10.0.40219.1
Project("{9A19103F-16F7-4668-BE54-9A1E7A4F7556}") = "Bulky", "Bulky\Bulky.csproj", "{E27B2F59-3A0A-4D74-A248-971F8F21B2DF}"
EndProject
Project("{FAE04EC0-301F-11D3-BF4B-00C04F79EFBC}") = "BulkyRazor", "BulkyRazor\BulkyRazor.csproj", "{5937E123-9E4D-46FA-B508-03C84F37E013}"
EndProject
Global
	GlobalSection(SolutionConfigurationPlatforms) = preSolution
		Debug|Any CPU = Debug|Any CPU
		Release|Any CPU = Release|Any CPU
	EndGlobalSection
	GlobalSection(ProjectConfigurationPlatforms) = postSolution
		{E27B2F59-3A0A-4D74-A248-971F8F21B2DF}.Debug|Any CPU.ActiveCfg = Debug|Any CPU
		{E27B2F59-3A0A-4D74-A248-971F8F21B2DF}.Debug|Any CPU.Build.0 = Debug|Any CPU
		{E27B2F59-3A0A-4D74-A248-971F8F21B2DF}.Release|Any CPU.ActiveCfg = Release|Any CPU
		{E27B2F59-3A0A-4D74-A248-971F8F21B2DF}.Release|Any CPU.Build.0 = Release|Any CPU
		{5937E123-9E4D-46FA-B508-03C84F37E013}.Debug|Any CPU.ActiveCfg = Debug|Any CPU
		{5937E123-9E4D-46FA-B508-03C84F37E013}.Debug|Any CPU.Build.0 = Debug|Any CPU
		{5937E123-9E4D-46FA-B508-03C84F37E013}.Release|Any CPU.ActiveCfg = Release|Any CPU
		{5937E123-9E4D-46FA-B508-03C84F37E013}.Release|Any CPU.Build.0 = Release|Any CPU
	EndGlobalSection
	GlobalSection(SolutionProperties) = preSolution
		HideSolutionNode = FALSE
	EndGlobalSection
	GlobalSection(ExtensibilityGlobals) = postSolution
		SolutionGuid = {14636944-5324-4D65-B0A9-1E647E6DAB7C}
	EndGlobalSection
EndGlobal
